
Microsoft Visual Studio Solution File, Format Version 12.00
# Visual Studio Version 17
VisualStudioVersion = 17.8.34408.163
MinimumVisualStudioVersion = 10.0.40219.1
Project("{8BC9CEB8-8B4A-11D0-8D11-00A0C91BC942}") = "MT3_0_1", "MT3_0_1.vcxproj", "{796B616C-2E52-4E9C-9969-6319A61ECBA5}"
EndProject
Global
	GlobalSection(SolutionConfigurationPlatforms) = preSolution
		Debug|x64 = Debug|x64
		Release|x64 = Release|x64
	EndGlobalSection
	GlobalSection(ProjectConfigurationPlatforms) = postSolution
		{796B616C-2E52-4E9C-9969-6319A61ECBA5}.Debug|x64.ActiveCfg = Debug|x64
		{796B616C-2E52-4E9C-9969-6319A61ECBA5}.Debug|x64.Build.0 = Debug|x64
		{796B616C-2E52-4E9C-9969-6319A61ECBA5}.Release|x64.ActiveCfg = Release|x64
		{796B616C-2E52-4E9C-9969-6319A61ECBA5}.Release|x64.Build.0 = Release|x64
	EndGlobalSection
	GlobalSection(SolutionProperties) = preSolution
		HideSolutionNode = FALSE
	EndGlobalSection
	GlobalSection(ExtensibilityGlobals) = postSolution
		SolutionGuid = {6ABAE8AB-C725-4D4E-A736-9A4AD2FFD038}
	EndGlobalSection
EndGlobal
